{
    "_meta": {
        "hash": {
            "sha256": "248affc1629520e9c92818b720619fcc1c3a31e52ac3195547ffa781310aa856"
        },
        "pipfile-spec": 6,
        "requires": {
            "python_version": "3.10"
        },
        "sources": [
            {
                "name": "pypi",
                "url": "https://pypi.org/simple",
                "verify_ssl": true
            }
        ]
    },
    "default": {
        "asgiref": {
            "hashes": [
                "sha256:1d2880b792ae8757289136f1db2b7b99100ce959b2aa57fd69dab783d05afac4",
                "sha256:4a29362a6acebe09bf1d6640db38c1dc3d9217c68e6f9f6204d72667fc19a424"
            ],
            "markers": "python_version >= '3.7'",
            "version": "==3.5.2"
        },
        "crispy-bootstrap5": {
            "hashes": [
                "sha256:ca5d2afc2a5d1cf12b8d057886a81002cdf7793afcbe0ce006c2294069c1f387",
                "sha256:e8c50daaf266d6127c7414f5669d5f2467b640d08b045ed9dd57e351d30609ae"
            ],
            "index": "pypi",
            "version": "==0.6"
        },
        "django": {
            "hashes": [
                "sha256:031ccb717782f6af83a0063a1957686e87cb4581ea61b47b3e9addf60687989a",
                "sha256:032f8a6fc7cf05ccd1214e4a2e21dfcd6a23b9d575c6573cacc8c67828dbe642"
            ],
            "index": "pypi",
            "version": "==4.1"
        },
        "django-bootstrap5": {
            "hashes": [
                "sha256:70b51f020ef95a64780a0b5d5fdb1fade6e7b5e26c53355cc4f3648eca239cab",
                "sha256:cf3f257abf750f19e47eddc106066ddb182576185494965d1408eddcb3a7380b"
            ],
            "index": "pypi",
            "version": "==22.1"
        },
        "django-crispy-forms": {
            "hashes": [
                "sha256:35887b8851a931374dd697207a8f56c57a9c5cb9dbf0b9fa54314da5666cea5b",
                "sha256:bc4d2037f6de602d39c0bc452ac3029d1f5d65e88458872cc4dbc01c3a400604"
            ],
            "index": "pypi",
            "version": "==1.14.0"
        },
        "django-htmx": {
            "hashes": [
                "sha256:52b170e80ef54757f622a3af5f6087af395cda932531c0d3a65fb08d60457c0a",
                "sha256:ff378eddec0a8e592d0b33f9848f6a050fe93e404a6e99cec354d67aab16c765"
            ],
            "index": "pypi",
            "version": "==1.12.1"
        },
        "django-model-utils": {
            "hashes": [
                "sha256:a768a25c80514e0ad4e4a6f9c02c44498985f36c5dfdea47b5b1e8cf994beba6",
                "sha256:e7a95e102f9c9653427eadab980d5d59e1dea972913b9c9e01ac37f86bba0ddf"
            ],
            "index": "pypi",
            "version": "==4.2.0"
        },
        "django-zero-settings": {
            "hashes": [
                "sha256:12e12a7895ece54a6f25d61164b276085df1eccf81618b2928b2e85d5eced5fc",
                "sha256:d9d502734cc7f2fbb415116c3bd09a5e174d68ab3e3a249dd76d2f16c077dd14"
            ],
            "index": "pypi",
            "version": "==0.1.8"
        },
        "marisa-trie": {
            "hashes": [
                "sha256:09bf4b0e2df7f07e5a59e2e07b6aa9ee781d48be7509eba11087bc2a8e1a94ad",
                "sha256:150bbc78b98135e9c43eee43ac548fe4393bd069213c5104555e5cc108df0546",
                "sha256:16e9147753f2a211f9674e7b866bc931566950a6695d89b0d92bab8f6f34fe2b",
                "sha256:197b41decda4865b9d6e24f3c0eccebf5804c89d7bbe35c77fee45dba3989c8a",
                "sha256:1c77def45f1daf6bec70af9667092e9d45457f15032a75b0921239792891faf7",
                "sha256:332ca107795dd67f21aafbc0141252dc33d1f8f1b4239cc7bb61b67cae33cf30",
                "sha256:37d121319813dbe9e9ff27f3a50ccff772d93296b27d6a8e32c08460827f477c",
                "sha256:55c99a3fd4025a5f428f83ba678912844014806f36684c8690deb59ca08c93af",
                "sha256:5a53632478f839d2d02450ca2108350d983eb61319bb8da4c63d5f8e660ee8a0",
                "sha256:62ca721b1be9aa2be1157b386be5dd55c0f78a7b92a25390a6fa663ed47ed222",
                "sha256:643fb52f6658ef9f77f66b736207acdd4d372272381a95b0ecdc20c98614f9ba",
                "sha256:64e76e9ed5c7b5929d9c598f343039f75ef4ae1881a8bb1b633d5fe624ae6b84",
                "sha256:65e9ae1c080587dffeec3dd2e7da88120ecb090e6cad2714a8da1a5a7e56ac4f",
                "sha256:6a96100cc5cd6f50a1b02e20ece8dd05f476d1deb3062832259d87a6f4729ae4",
                "sha256:739178a8f98d7584d5613c59a0346273d8a95154b0bcb0eb0bd11d6514a61dff",
                "sha256:7732907dfc1cf954d840cd95e4f63a52c61a9f6e864a3104e0427c4845fcfe82",
                "sha256:7c978f7959218610780770725eb5bd88451e42f97af47ee220c1ae802fb9e402",
                "sha256:882ba0a90d961f93ec89b36c388dc0a6a7ffb871a6eb283a7a92485987212e22",
                "sha256:8863b9df15abd984d5faf11d129e626255468569ac2c7365519168d68f7dc7eb",
                "sha256:8ae6ef87610489f9b756916145550b99a1a87f672233111c20d7c9c91c3cf7b2",
                "sha256:8db8e511e2d3b42221de0ed95ed6288ad514df0f7f88d0813990ea871ccd0baf",
                "sha256:8df910508422ea2b331d2ce41a2c96f26f110663efb4c318525eedccd7b103af",
                "sha256:939c14a81c466ebbc0985d1ac2b8f167c52add5231789359e9262d6558be731c",
                "sha256:984ec658756a92d72e7bf664be02e6a1949a0e08658d5120e43fd26b9bd49187",
                "sha256:9ab818dcd557a6d673bc1f12e1f2dc69e62dacfe7ad444e723410aa745882210",
                "sha256:a0614aadb611e11c48d8d4d5710827e5b3a944ebfb4c51a999bfdde133dc4e9b",
                "sha256:a2638e9abd05b9b3cf19adfb30ac503e7fb32247b8defa97c9a5f09fa8330063",
                "sha256:afa06ffe3a992de978582246550f3fe365cf3eaf0468b27e8cdf04ac2b5dbeeb",
                "sha256:b2e25ec564f51d67e4406cdb52cba4942ebce07cb93b959ddadafbbdcd8523b1",
                "sha256:bbeafb7d92839dc221365340e79d012cb50ee48a1f3f30dd916eb35a8b93db00",
                "sha256:d3d6e3174d9e9ed73ae9934b0c8e9c630a19a3182dca508825f44e3e5a1641cd",
                "sha256:df23addeb641d3b6a80e4127a8f19074ebf1cbe9eb80206ee99e57da0f51e7f2",
                "sha256:e060334862ba425568478fdbae2ec6599a6e123ac2b4c946b50f5e3417ed2072",
                "sha256:e1f51f814b81847eafc4b622188b453c9fae765ace812caf67da140a6d435f99",
                "sha256:f2540463270999718dc434d733e172b0918541fe123460494e19bcc185dbaefe",
                "sha256:f86a718b4023904cf4a9e7ac1d967cb99b540ae05d081cf8b437129031f0845f"
            ],
            "index": "pypi",
            "version": "==0.7.7"
        },
        "setuptools": {
            "hashes": [
                "sha256:2e24e0bec025f035a2e72cdd1961119f557d78ad331bb00ff82efb2ab8da8e82",
                "sha256:7732871f4f7fa58fb6bdcaeadb0161b2bd046c85905dbaa066bdcbcc81953b57"
            ],
            "markers": "python_version >= '3.7'",
            "version": "==65.3.0"
        },
        "sqlparse": {
            "hashes": [
                "sha256:0c00730c74263a94e5a9919ade150dfc3b19c574389985446148402998287dae",
                "sha256:48719e356bb8b42991bdbb1e8b83223757b93789c00910a616a071910ca4a64d"
            ],
            "markers": "python_version >= '3.5'",
            "version": "==0.4.2"
        },
        "typed-app-settings": {
            "hashes": [
                "sha256:527c5d6c0577cb168086ab8f4c4398ec537f9786eb5142778260971edca5a266",
                "sha256:5c29823df4ac370d805557e3a7bcaddbb17007376ce2923d72c7c17623f2d541"
            ],
            "index": "pypi",
            "version": "==0.2.post1"
        },
        "typing-extensions": {
            "hashes": [
                "sha256:25642c956049920a5aa49edcdd6ab1e06d7e5d467fc00e0506c44ac86fbfca02",
                "sha256:e6d2677a32f47fc7eb2795db1dd15c1f34eff616bcaf2cfb5e997f854fa1c4a6"
            ],
            "index": "pypi",
            "version": "==4.3.0"
        },
        "whitenoise": {
            "hashes": [
                "sha256:8e9c600a5c18bd17655ef668ad55b5edf6c24ce9bdca5bf607649ca4b1e8e2c2",
                "sha256:8fa943c6d4cd9e27673b70c21a07b0aa120873901e099cd46cab40f7cc96d567"
            ],
            "index": "pypi",
            "version": "==6.2.0"
        }
    },
    "develop": {
        "black": {
            "hashes": [
                "sha256:074458dc2f6e0d3dab7928d4417bb6957bb834434516f21514138437accdbe90",
                "sha256:187d96c5e713f441a5829e77120c269b6514418f4513a390b0499b0987f2ff1c",
                "sha256:2ea29072e954a4d55a2ff58971b83365eba5d3d357352a07a7a4df0d95f51c78",
                "sha256:4af5bc0e1f96be5ae9bd7aaec219c901a94d6caa2484c21983d043371c733fc4",
                "sha256:560558527e52ce8afba936fcce93a7411ab40c7d5fe8c2463e279e843c0328ee",
                "sha256:568ac3c465b1c8b34b61cd7a4e349e93f91abf0f9371eda1cf87194663ab684e",
                "sha256:6797f58943fceb1c461fb572edbe828d811e719c24e03375fd25170ada53825e",
                "sha256:6c1734ab264b8f7929cef8ae5f900b85d579e6cbfde09d7387da8f04771b51c6",
                "sha256:6c6d39e28aed379aec40da1c65434c77d75e65bb59a1e1c283de545fb4e7c6c9",
                "sha256:7ba9be198ecca5031cd78745780d65a3f75a34b2ff9be5837045dce55db83d1c",
                "sha256:94783f636bca89f11eb5d50437e8e17fbc6a929a628d82304c80fa9cd945f256",
                "sha256:a218d7e5856f91d20f04e931b6f16d15356db1c846ee55f01bac297a705ca24f",
                "sha256:a3db5b6409b96d9bd543323b23ef32a1a2b06416d525d27e0f67e74f1446c8f2",
                "sha256:ac609cf8ef5e7115ddd07d85d988d074ed00e10fbc3445aee393e70164a2219c",
                "sha256:b154e6bbde1e79ea3260c4b40c0b7b3109ffcdf7bc4ebf8859169a6af72cd70b",
                "sha256:b270a168d69edb8b7ed32c193ef10fd27844e5c60852039599f9184460ce0807",
                "sha256:b9fd45787ba8aa3f5e0a0a98920c1012c884622c6c920dbe98dbd05bc7c70fbf",
                "sha256:c85928b9d5f83b23cee7d0efcb310172412fbf7cb9d9ce963bd67fd141781def",
                "sha256:c9a3ac16efe9ec7d7381ddebcc022119794872abce99475345c5a61aa18c45ad",
                "sha256:cfaf3895a9634e882bf9d2363fed5af8888802d670f58b279b0bece00e9a872d",
                "sha256:e439798f819d49ba1c0bd9664427a05aab79bfba777a6db94fd4e56fae0cb849",
                "sha256:f586c26118bc6e714ec58c09df0157fe2d9ee195c764f630eb0d8e7ccce72e69",
                "sha256:f6fe02afde060bbeef044af7996f335fbe90b039ccf3f5eb8f16df8b20f77666"
            ],
            "index": "pypi",
            "version": "==22.6.0"
        },
        "click": {
            "hashes": [
                "sha256:7682dc8afb30297001674575ea00d1814d808d6a36af415a82bd481d37ba7b8e",
                "sha256:bb4d8133cb15a609f44e8213d9b391b0809795062913b383c62be0ee95b1db48"
            ],
            "markers": "python_version >= '3.7'",
            "version": "==8.1.3"
        },
        "mypy-extensions": {
            "hashes": [
                "sha256:090fedd75945a69ae91ce1303b5824f428daf5a028d2f6ab8a299250a846f15d",
                "sha256:2d82818f5bb3e369420cb3c4060a7970edba416647068eb4c5343488a6c604a8"
            ],
            "version": "==0.4.3"
        },
        "pathspec": {
            "hashes": [
                "sha256:7d15c4ddb0b5c802d161efc417ec1a2558ea2653c2e8ad9c19098201dc1c993a",
                "sha256:e564499435a2673d586f6b2130bb5b95f04a3ba06f81b8f895b651a3c76aabb1"
            ],
            "version": "==0.9.0"
        },
        "platformdirs": {
            "hashes": [
                "sha256:027d8e83a2d7de06bbac4e5ef7e023c02b863d7ea5d079477e722bb41ab25788",
                "sha256:58c8abb07dcb441e6ee4b11d8df0ac856038f944ab98b7be6b27b2a3c7feef19"
            ],
            "markers": "python_version >= '3.7'",
            "version": "==2.5.2"
        },
        "tomli": {
            "hashes": [
                "sha256:939de3e7a6161af0c887ef91b7d41a53e7c5a1ca976325f429cb46ea9bc30ecc",
                "sha256:de526c12914f0c550d15924c62d72abc48d6fe7364aa87328337a31007fe8a4f"
            ],
            "markers": "python_full_version < '3.11.0a7'",
            "version": "==2.0.1"
        }
    }
}
